
Microsoft Visual Studio Solution File, Format Version 12.00
# Visual Studio Version 16
VisualStudioVersion = 16.0.30907.101
MinimumVisualStudioVersion = 10.0.40219.1
Project("{FAE04EC0-301F-11D3-BF4B-00C04F79EFBC}") = "n01454501_Cumulative_Part2_Assignment4", "n01454501_Cumulative_Part3_Assignment3\n01454501_Cumulative_Part2_Assignment4.csproj", "{DCA93259-5071-44D6-9F1D-FE7733EC11B0}"
EndProject
Global
	GlobalSection(SolutionConfigurationPlatforms) = preSolution
		Debug|Any CPU = Debug|Any CPU
		Release|Any CPU = Release|Any CPU
	EndGlobalSection
	GlobalSection(ProjectConfigurationPlatforms) = postSolution
		{DCA93259-5071-44D6-9F1D-FE7733EC11B0}.Debug|Any CPU.ActiveCfg = Debug|Any CPU
		{DCA93259-5071-44D6-9F1D-FE7733EC11B0}.Debug|Any CPU.Build.0 = Debug|Any CPU
		{DCA93259-5071-44D6-9F1D-FE7733EC11B0}.Release|Any CPU.ActiveCfg = Release|Any CPU
		{DCA93259-5071-44D6-9F1D-FE7733EC11B0}.Release|Any CPU.Build.0 = Release|Any CPU
	EndGlobalSection
	GlobalSection(SolutionProperties) = preSolution
		HideSolutionNode = FALSE
	EndGlobalSection
	GlobalSection(ExtensibilityGlobals) = postSolution
		SolutionGuid = {15AAA74A-CE32-4FAC-A610-6B2AF51A6DDA}
	EndGlobalSection
EndGlobal
